{
  "nodes": {
    "agenix": {
      "inputs": {
        "darwin": "darwin",
        "home-manager": "home-manager",
        "nixpkgs": [
          "nixpkgs"
        ],
        "systems": "systems"
      },
      "locked": {
        "lastModified": 1762618334,
        "narHash": "sha256-wyT7Pl6tMFbFrs8Lk/TlEs81N6L+VSybPfiIgzU8lbQ=",
        "owner": "ryantm",
        "repo": "agenix",
        "rev": "fcdea223397448d35d9b31f798479227e80183f6",
        "type": "github"
      },
      "original": {
        "owner": "ryantm",
        "repo": "agenix",
        "type": "github"
      }
    },
    "agenix_2": {
      "inputs": {
        "darwin": "darwin_2",
        "home-manager": "home-manager_3",
        "nixpkgs": [
          "tontine-system",
          "nixpkgs"
        ],
        "systems": "systems_2"
      },
      "locked": {
        "lastModified": 1750173260,
        "narHash": "sha256-9P1FziAwl5+3edkfFcr5HeGtQUtrSdk/MksX39GieoA=",
        "owner": "ryantm",
        "repo": "agenix",
        "rev": "531beac616433bac6f9e2a19feb8e99a22a66baf",
        "type": "github"
      },
      "original": {
        "owner": "ryantm",
        "repo": "agenix",
        "type": "github"
      }
    },
    "darwin": {
      "inputs": {
        "nixpkgs": [
          "agenix",
          "nixpkgs"
        ]
      },
      "locked": {
        "lastModified": 1744478979,
        "narHash": "sha256-dyN+teG9G82G+m+PX/aSAagkC+vUv0SgUw3XkPhQodQ=",
        "owner": "lnl7",
        "repo": "nix-darwin",
        "rev": "43975d782b418ebf4969e9ccba82466728c2851b",
        "type": "github"
      },
      "original": {
        "owner": "lnl7",
        "ref": "master",
        "repo": "nix-darwin",
        "type": "github"
      }
    },
    "darwin_2": {
      "inputs": {
        "nixpkgs": [
          "tontine-system",
          "agenix",
          "nixpkgs"
        ]
      },
      "locked": {
        "lastModified": 1744478979,
        "narHash": "sha256-dyN+teG9G82G+m+PX/aSAagkC+vUv0SgUw3XkPhQodQ=",
        "owner": "lnl7",
        "repo": "nix-darwin",
        "rev": "43975d782b418ebf4969e9ccba82466728c2851b",
        "type": "github"
      },
      "original": {
        "owner": "lnl7",
        "ref": "master",
        "repo": "nix-darwin",
        "type": "github"
      }
    },
    "deploy-rs": {
      "inputs": {
        "flake-compat": "flake-compat_2",
        "nixpkgs": [
          "tontine-system",
          "nixpkgs"
        ],
        "utils": "utils"
      },
      "locked": {
        "lastModified": 1727447169,
        "narHash": "sha256-3KyjMPUKHkiWhwR91J1YchF6zb6gvckCAY1jOE+ne0U=",
        "owner": "serokell",
        "repo": "deploy-rs",
        "rev": "aa07eb05537d4cd025e2310397a6adcedfe72c76",
        "type": "github"
      },
      "original": {
        "owner": "serokell",
        "repo": "deploy-rs",
        "type": "github"
      }
    },
    "determinate": {
      "inputs": {
        "determinate-nixd-aarch64-darwin": "determinate-nixd-aarch64-darwin",
        "determinate-nixd-aarch64-linux": "determinate-nixd-aarch64-linux",
        "determinate-nixd-x86_64-linux": "determinate-nixd-x86_64-linux",
        "nix": "nix",
        "nixpkgs": "nixpkgs_2"
      },
      "locked": {
        "lastModified": 1763536872,
        "narHash": "sha256-QCYGGghBya+qsY59f1zzgYzxEzz+N9S7YRkVWDIDbgo=",
        "rev": "f4e598cbb10021c93f73dd4c0cf01ec791ea53f9",
        "revCount": 315,
        "type": "tarball",
        "url": "https://api.flakehub.com/f/pinned/DeterminateSystems/determinate/3.13.2/019a9b01-c0c6-7e1c-959e-98ac5b7675de/source.tar.gz"
      },
      "original": {
        "type": "tarball",
        "url": "https://flakehub.com/f/DeterminateSystems/determinate/%2A"
      }
    },
    "determinate-nixd-aarch64-darwin": {
      "flake": false,
      "locked": {
        "narHash": "sha256-g1r0dPwlUi1h96c4BuHzv9M2lWDqRy9bPDW9tRSq35I=",
        "type": "file",
        "url": "https://install.determinate.systems/determinate-nixd/tag/v3.13.2/macOS"
      },
      "original": {
        "type": "file",
        "url": "https://install.determinate.systems/determinate-nixd/tag/v3.13.2/macOS"
      }
    },
    "determinate-nixd-aarch64-linux": {
      "flake": false,
      "locked": {
        "narHash": "sha256-xn324irXG/EpUdUfUGFrlJNg23JN2cVArd5LsFPjGKc=",
        "type": "file",
        "url": "https://install.determinate.systems/determinate-nixd/tag/v3.13.2/aarch64-linux"
      },
      "original": {
        "type": "file",
        "url": "https://install.determinate.systems/determinate-nixd/tag/v3.13.2/aarch64-linux"
      }
    },
    "determinate-nixd-x86_64-linux": {
      "flake": false,
      "locked": {
        "narHash": "sha256-VPM5FOGwEjl56b7Edvg3sduvauPHCyXZ11fN9hcUdTU=",
        "type": "file",
        "url": "https://install.determinate.systems/determinate-nixd/tag/v3.13.2/x86_64-linux"
      },
      "original": {
        "type": "file",
        "url": "https://install.determinate.systems/determinate-nixd/tag/v3.13.2/x86_64-linux"
      }
    },
    "flake-compat": {
      "flake": false,
      "locked": {
        "lastModified": 1696426674,
        "narHash": "sha256-kvjfFW7WAETZlt09AgDn1MrtKzP7t90Vf7vypd3OL1U=",
        "owner": "edolstra",
        "repo": "flake-compat",
        "rev": "0f9255e01c2351cc7d116c072cb317785dd33b33",
        "type": "github"
      },
      "original": {
        "owner": "edolstra",
        "repo": "flake-compat",
        "type": "github"
      }
    },
    "flake-compat_2": {
      "flake": false,
      "locked": {
        "lastModified": 1696426674,
        "narHash": "sha256-kvjfFW7WAETZlt09AgDn1MrtKzP7t90Vf7vypd3OL1U=",
        "owner": "edolstra",
        "repo": "flake-compat",
        "rev": "0f9255e01c2351cc7d116c072cb317785dd33b33",
        "type": "github"
      },
      "original": {
        "owner": "edolstra",
        "repo": "flake-compat",
        "type": "github"
      }
    },
    "flake-parts": {
      "inputs": {
        "nixpkgs-lib": [
          "determinate",
          "nix",
          "nixpkgs"
        ]
      },
      "locked": {
        "lastModified": 1748821116,
        "narHash": "sha256-F82+gS044J1APL0n4hH50GYdPRv/5JWm34oCJYmVKdE=",
        "rev": "49f0870db23e8c1ca0b5259734a02cd9e1e371a1",
        "revCount": 377,
        "type": "tarball",
        "url": "https://api.flakehub.com/f/pinned/hercules-ci/flake-parts/0.1.377%2Brev-49f0870db23e8c1ca0b5259734a02cd9e1e371a1/01972f28-554a-73f8-91f4-d488cc502f08/source.tar.gz"
      },
      "original": {
        "type": "tarball",
        "url": "https://flakehub.com/f/hercules-ci/flake-parts/0.1"
      }
    },
    "flake-parts_2": {
      "inputs": {
        "nixpkgs-lib": "nixpkgs-lib"
      },
      "locked": {
        "lastModified": 1741352980,
        "narHash": "sha256-+u2UunDA4Cl5Fci3m7S643HzKmIDAe+fiXrLqYsR2fs=",
        "owner": "hercules-ci",
        "repo": "flake-parts",
        "rev": "f4330d22f1c5d2ba72d3d22df5597d123fdb60a9",
        "type": "github"
      },
      "original": {
        "owner": "hercules-ci",
        "repo": "flake-parts",
        "type": "github"
      }
    },
    "flake-parts_3": {
      "inputs": {
        "nixpkgs-lib": "nixpkgs-lib_2"
      },
      "locked": {
        "lastModified": 1741352980,
        "narHash": "sha256-+u2UunDA4Cl5Fci3m7S643HzKmIDAe+fiXrLqYsR2fs=",
        "owner": "hercules-ci",
        "repo": "flake-parts",
        "rev": "f4330d22f1c5d2ba72d3d22df5597d123fdb60a9",
        "type": "github"
      },
      "original": {
        "owner": "hercules-ci",
        "repo": "flake-parts",
        "type": "github"
      }
    },
    "flake-parts_4": {
      "inputs": {
        "nixpkgs-lib": "nixpkgs-lib_3"
      },
      "locked": {
        "lastModified": 1741352980,
        "narHash": "sha256-+u2UunDA4Cl5Fci3m7S643HzKmIDAe+fiXrLqYsR2fs=",
        "owner": "hercules-ci",
        "repo": "flake-parts",
        "rev": "f4330d22f1c5d2ba72d3d22df5597d123fdb60a9",
        "type": "github"
      },
      "original": {
        "owner": "hercules-ci",
        "repo": "flake-parts",
        "type": "github"
      }
    },
    "flake-parts_5": {
      "inputs": {
        "nixpkgs-lib": "nixpkgs-lib_4"
      },
      "locked": {
        "lastModified": 1741352980,
        "narHash": "sha256-+u2UunDA4Cl5Fci3m7S643HzKmIDAe+fiXrLqYsR2fs=",
        "owner": "hercules-ci",
        "repo": "flake-parts",
        "rev": "f4330d22f1c5d2ba72d3d22df5597d123fdb60a9",
        "type": "github"
      },
      "original": {
        "owner": "hercules-ci",
        "repo": "flake-parts",
        "type": "github"
      }
    },
    "flake-utils": {
      "inputs": {
        "systems": "systems_4"
      },
      "locked": {
        "lastModified": 1694529238,
        "narHash": "sha256-zsNZZGTGnMOf9YpHKJqMSsa0dXbfmxeoJ7xHlrt+xmY=",
        "owner": "numtide",
        "repo": "flake-utils",
        "rev": "ff7b65b44d01cf9ba6a71320833626af21126384",
        "type": "github"
      },
      "original": {
        "owner": "numtide",
        "repo": "flake-utils",
        "type": "github"
      }
    },
    "flake-utils-plus": {
      "inputs": {
        "flake-utils": "flake-utils"
      },
      "locked": {
        "lastModified": 1738591040,
        "narHash": "sha256-4WNeriUToshQ/L5J+dTSWC5OJIwT39SEP7V7oylndi8=",
        "owner": "gytis-ivaskevicius",
        "repo": "flake-utils-plus",
        "rev": "afcb15b845e74ac5e998358709b2b5fe42a948d1",
        "type": "github"
      },
      "original": {
        "owner": "gytis-ivaskevicius",
        "repo": "flake-utils-plus",
        "type": "github"
      }
    },
    "flake-utils_2": {
      "inputs": {
        "systems": "systems_5"
      },
      "locked": {
        "lastModified": 1731533236,
        "narHash": "sha256-l0KFg5HjrsfsO/JpG+r7fRrqm12kzFHyUHqHCVpMMbI=",
        "owner": "numtide",
        "repo": "flake-utils",
        "rev": "11707dc2f618dd54ca8739b309ec4fc024de578b",
        "type": "github"
      },
      "original": {
        "owner": "numtide",
        "repo": "flake-utils",
        "type": "github"
      }
    },
    "git-hooks-nix": {
      "inputs": {
        "flake-compat": "flake-compat",
        "gitignore": [
          "determinate",
          "nix"
        ],
        "nixpkgs": [
          "determinate",
          "nix",
          "nixpkgs"
        ]
      },
      "locked": {
        "lastModified": 1747372754,
        "narHash": "sha256-2Y53NGIX2vxfie1rOW0Qb86vjRZ7ngizoo+bnXU9D9k=",
        "rev": "80479b6ec16fefd9c1db3ea13aeb038c60530f46",
        "revCount": 1026,
        "type": "tarball",
        "url": "https://api.flakehub.com/f/pinned/cachix/git-hooks.nix/0.1.1026%2Brev-80479b6ec16fefd9c1db3ea13aeb038c60530f46/0196d79a-1b35-7b8e-a021-c894fb62163d/source.tar.gz"
      },
      "original": {
        "type": "tarball",
        "url": "https://flakehub.com/f/cachix/git-hooks.nix/0.1.941"
      }
    },
    "github-nix-ci": {
      "locked": {
        "lastModified": 1728494632,
        "narHash": "sha256-V3xldtMU7YidLibCHlkaoOdUZ0DFjEhYGtu6y/l2xAg=",
        "owner": "juspay",
        "repo": "github-nix-ci",
        "rev": "7c612e5b5606c7aa86d4b910d27cc66281702f37",
        "type": "github"
      },
      "original": {
        "owner": "juspay",
        "repo": "github-nix-ci",
        "type": "github"
      }
    },
    "haskell-flake": {
      "locked": {
        "lastModified": 1741528687,
        "narHash": "sha256-NPxvw+FaxMPgwGGGiTbmNpfjFhR1HwPRWTBJJufWQ6Q=",
        "owner": "srid",
        "repo": "haskell-flake",
        "rev": "f66fe097c01b4ac20a28b4f26e760dffd5891967",
        "type": "github"
      },
      "original": {
        "owner": "srid",
        "repo": "haskell-flake",
        "type": "github"
      }
    },
    "haskell-flake_2": {
      "locked": {
        "lastModified": 1742743292,
        "narHash": "sha256-5V+6MXBnWgLQZCdYEeyZqpAg+DRLEQsSofJsNHSVIow=",
        "owner": "srid",
        "repo": "haskell-flake",
        "rev": "94edd6d3124f97727e6b146f7c862f636e0fd4af",
        "type": "github"
      },
      "original": {
        "owner": "srid",
        "repo": "haskell-flake",
        "type": "github"
      }
    },
    "haskell-flake_3": {
      "locked": {
        "lastModified": 1742743292,
        "narHash": "sha256-5V+6MXBnWgLQZCdYEeyZqpAg+DRLEQsSofJsNHSVIow=",
        "owner": "srid",
        "repo": "haskell-flake",
        "rev": "94edd6d3124f97727e6b146f7c862f636e0fd4af",
        "type": "github"
      },
      "original": {
        "owner": "srid",
        "repo": "haskell-flake",
        "type": "github"
      }
    },
    "haskell-flake_4": {
      "locked": {
        "lastModified": 1741528687,
        "narHash": "sha256-NPxvw+FaxMPgwGGGiTbmNpfjFhR1HwPRWTBJJufWQ6Q=",
        "owner": "srid",
        "repo": "haskell-flake",
        "rev": "f66fe097c01b4ac20a28b4f26e760dffd5891967",
        "type": "github"
      },
      "original": {
        "owner": "srid",
        "repo": "haskell-flake",
        "type": "github"
      }
    },
    "home-manager": {
      "inputs": {
        "nixpkgs": [
          "agenix",
          "nixpkgs"
        ]
      },
      "locked": {
        "lastModified": 1745494811,
        "narHash": "sha256-YZCh2o9Ua1n9uCvrvi5pRxtuVNml8X2a03qIFfRKpFs=",
        "owner": "nix-community",
        "repo": "home-manager",
        "rev": "abfad3d2958c9e6300a883bd443512c55dfeb1be",
        "type": "github"
      },
      "original": {
        "owner": "nix-community",
        "repo": "home-manager",
        "type": "github"
      }
    },
    "home-manager_2": {
      "inputs": {
        "nixpkgs": [
          "nixpkgs"
        ]
      },
      "locked": {
        "lastModified": 1763748372,
        "narHash": "sha256-AUc78Qv3sWir0hvbmfXoZ7Jzq9VVL97l+sP9Jgms+JU=",
        "owner": "nix-community",
        "repo": "home-manager",
        "rev": "d10a9b16b2a3ee28433f3d1c603f4e9f1fecb8e1",
        "type": "github"
      },
      "original": {
        "owner": "nix-community",
        "repo": "home-manager",
        "type": "github"
      }
    },
    "home-manager_3": {
      "inputs": {
        "nixpkgs": [
          "tontine-system",
          "agenix",
          "nixpkgs"
        ]
      },
      "locked": {
        "lastModified": 1745494811,
        "narHash": "sha256-YZCh2o9Ua1n9uCvrvi5pRxtuVNml8X2a03qIFfRKpFs=",
        "owner": "nix-community",
        "repo": "home-manager",
        "rev": "abfad3d2958c9e6300a883bd443512c55dfeb1be",
        "type": "github"
      },
      "original": {
        "owner": "nix-community",
        "repo": "home-manager",
        "type": "github"
      }
    },
    "nix": {
      "inputs": {
        "flake-parts": "flake-parts",
        "git-hooks-nix": "git-hooks-nix",
        "nixpkgs": "nixpkgs",
        "nixpkgs-23-11": "nixpkgs-23-11",
        "nixpkgs-regression": "nixpkgs-regression"
      },
      "locked": {
        "lastModified": 1763534330,
        "narHash": "sha256-gTuB2qBdSKCKnZwENTqScs/pPBaZQOv6zZ1KJvV/ohk=",
        "rev": "be871f9baf5366a220b5f25634eebab6f452a017",
        "revCount": 23278,
        "type": "tarball",
        "url": "https://api.flakehub.com/f/pinned/DeterminateSystems/nix-src/3.13.2/019a9af6-3d7b-71bc-bccd-8b18e147ad77/source.tar.gz"
      },
      "original": {
        "type": "tarball",
        "url": "https://flakehub.com/f/DeterminateSystems/nix-src/%2A"
      }
    },
    "nixlib": {
      "locked": {
        "lastModified": 1736643958,
        "narHash": "sha256-tmpqTSWVRJVhpvfSN9KXBvKEXplrwKnSZNAoNPf/S/s=",
        "owner": "nix-community",
        "repo": "nixpkgs.lib",
        "rev": "1418bc28a52126761c02dd3d89b2d8ca0f521181",
        "type": "github"
      },
      "original": {
        "owner": "nix-community",
        "repo": "nixpkgs.lib",
        "type": "github"
      }
    },
    "nixos-generators": {
      "inputs": {
        "nixlib": "nixlib",
        "nixpkgs": [
          "tontine-system",
          "nixpkgs"
        ]
      },
      "locked": {
        "lastModified": 1747663185,
        "narHash": "sha256-Obh50J+O9jhUM/FgXtI3he/QRNiV9+J53+l+RlKSaAk=",
        "owner": "nix-community",
        "repo": "nixos-generators",
        "rev": "ee07ba0d36c38e9915c55d2ac5a8fb0f05f2afcc",
        "type": "github"
      },
      "original": {
        "owner": "nix-community",
        "repo": "nixos-generators",
        "type": "github"
      }
    },
    "nixpkgs": {
      "locked": {
        "lastModified": 1761597516,
        "narHash": "sha256-wxX7u6D2rpkJLWkZ2E932SIvDJW8+ON/0Yy8+a5vsDU=",
        "rev": "daf6dc47aa4b44791372d6139ab7b25269184d55",
        "revCount": 811874,
        "type": "tarball",
        "url": "https://api.flakehub.com/f/pinned/NixOS/nixpkgs/0.2505.811874%2Brev-daf6dc47aa4b44791372d6139ab7b25269184d55/019a3494-3498-707e-9086-1fb81badc7fe/source.tar.gz"
      },
      "original": {
        "type": "tarball",
        "url": "https://flakehub.com/f/NixOS/nixpkgs/0.2505"
      }
    },
    "nixpkgs-23-11": {
      "locked": {
        "lastModified": 1717159533,
        "narHash": "sha256-oamiKNfr2MS6yH64rUn99mIZjc45nGJlj9eGth/3Xuw=",
        "owner": "NixOS",
        "repo": "nixpkgs",
        "rev": "a62e6edd6d5e1fa0329b8653c801147986f8d446",
        "type": "github"
      },
      "original": {
        "owner": "NixOS",
        "repo": "nixpkgs",
        "rev": "a62e6edd6d5e1fa0329b8653c801147986f8d446",
        "type": "github"
      }
    },
    "nixpkgs-lib": {
      "locked": {
        "lastModified": 1740877520,
        "narHash": "sha256-oiwv/ZK/2FhGxrCkQkB83i7GnWXPPLzoqFHpDD3uYpk=",
        "owner": "nix-community",
        "repo": "nixpkgs.lib",
        "rev": "147dee35aab2193b174e4c0868bd80ead5ce755c",
        "type": "github"
      },
      "original": {
        "owner": "nix-community",
        "repo": "nixpkgs.lib",
        "type": "github"
      }
    },
    "nixpkgs-lib_2": {
      "locked": {
        "lastModified": 1740877520,
        "narHash": "sha256-oiwv/ZK/2FhGxrCkQkB83i7GnWXPPLzoqFHpDD3uYpk=",
        "owner": "nix-community",
        "repo": "nixpkgs.lib",
        "rev": "147dee35aab2193b174e4c0868bd80ead5ce755c",
        "type": "github"
      },
      "original": {
        "owner": "nix-community",
        "repo": "nixpkgs.lib",
        "type": "github"
      }
    },
    "nixpkgs-lib_3": {
      "locked": {
        "lastModified": 1740877520,
        "narHash": "sha256-oiwv/ZK/2FhGxrCkQkB83i7GnWXPPLzoqFHpDD3uYpk=",
        "owner": "nix-community",
        "repo": "nixpkgs.lib",
        "rev": "147dee35aab2193b174e4c0868bd80ead5ce755c",
        "type": "github"
      },
      "original": {
        "owner": "nix-community",
        "repo": "nixpkgs.lib",
        "type": "github"
      }
    },
    "nixpkgs-lib_4": {
      "locked": {
        "lastModified": 1740877520,
        "narHash": "sha256-oiwv/ZK/2FhGxrCkQkB83i7GnWXPPLzoqFHpDD3uYpk=",
        "owner": "nix-community",
        "repo": "nixpkgs.lib",
        "rev": "147dee35aab2193b174e4c0868bd80ead5ce755c",
        "type": "github"
      },
      "original": {
        "owner": "nix-community",
        "repo": "nixpkgs.lib",
        "type": "github"
      }
    },
    "nixpkgs-regression": {
      "locked": {
        "lastModified": 1643052045,
        "narHash": "sha256-uGJ0VXIhWKGXxkeNnq4TvV3CIOkUJ3PAoLZ3HMzNVMw=",
        "owner": "NixOS",
        "repo": "nixpkgs",
        "rev": "215d4d0fd80ca5163643b03a33fde804a29cc1e2",
        "type": "github"
      },
      "original": {
        "owner": "NixOS",
        "repo": "nixpkgs",
        "rev": "215d4d0fd80ca5163643b03a33fde804a29cc1e2",
        "type": "github"
      }
    },
    "nixpkgs_2": {
      "locked": {
        "lastModified": 1763375004,
        "narHash": "sha256-e81Xfa7xhRZfqGB4s3xEvrg4p1v+fToM6CIQlXUyaX0=",
        "rev": "8b6600824693a9c706ef09bd86711ca393703466",
        "revCount": 897465,
        "type": "tarball",
        "url": "https://api.flakehub.com/f/pinned/DeterminateSystems/nixpkgs-weekly/0.1.897465%2Brev-8b6600824693a9c706ef09bd86711ca393703466/019a9577-b407-75dd-b18b-3308def1c215/source.tar.gz"
      },
      "original": {
        "type": "tarball",
        "url": "https://flakehub.com/f/DeterminateSystems/nixpkgs-weekly/0.1"
      }
    },
    "nixpkgs_3": {
      "locked": {
        "lastModified": 1763622513,
        "narHash": "sha256-1jQnuyu82FpiSxowrF/iFK6Toh9BYprfDqfs4BB+19M=",
        "rev": "c58bc7f5459328e4afac201c5c4feb7c818d604b",
        "revCount": 812955,
        "type": "tarball",
        "url": "https://api.flakehub.com/f/pinned/NixOS/nixpkgs/0.2505.812955%2Brev-c58bc7f5459328e4afac201c5c4feb7c818d604b/019aa242-2298-7d4a-8c1a-ff06760e1bba/source.tar.gz"
      },
      "original": {
        "type": "tarball",
        "url": "https://flakehub.com/f/NixOS/nixpkgs/%2A"
      }
    },
    "nixpkgs_4": {
      "locked": {
        "lastModified": 1748693115,
        "narHash": "sha256-StSrWhklmDuXT93yc3GrTlb0cKSS0agTAxMGjLKAsY8=",
        "owner": "nixos",
        "repo": "nixpkgs",
        "rev": "910796cabe436259a29a72e8d3f5e180fc6dfacc",
        "type": "github"
      },
      "original": {
        "owner": "nixos",
        "ref": "nixos-unstable",
        "repo": "nixpkgs",
        "type": "github"
      }
    },
    "nixpkgs_5": {
      "locked": {
        "lastModified": 1741462378,
        "narHash": "sha256-ZF3YOjq+vTcH51S+qWa1oGA9FgmdJ67nTNPG2OIlXDc=",
        "owner": "nixos",
        "repo": "nixpkgs",
        "rev": "2d9e4457f8e83120c9fdf6f1707ed0bc603e5ac9",
        "type": "github"
      },
      "original": {
        "owner": "nixos",
        "ref": "nixpkgs-unstable",
        "repo": "nixpkgs",
        "type": "github"
      }
    },
    "nixpkgs_6": {
      "locked": {
        "lastModified": 1741037377,
        "narHash": "sha256-SvtvVKHaUX4Owb+PasySwZsoc5VUeTf1px34BByiOxw=",
        "owner": "nixos",
        "repo": "nixpkgs",
        "rev": "02032da4af073d0f6110540c8677f16d4be0117f",
        "type": "github"
      },
      "original": {
        "owner": "nixos",
        "ref": "nixpkgs-unstable",
        "repo": "nixpkgs",
        "type": "github"
      }
    },
    "nixpkgs_7": {
      "locked": {
        "lastModified": 1742800061,
        "narHash": "sha256-oDJGK1UMArK52vcW9S5S2apeec4rbfNELgc50LqiPNs=",
        "owner": "nixos",
        "repo": "nixpkgs",
        "rev": "1750f3c1c89488e2ffdd47cab9d05454dddfb734",
        "type": "github"
      },
      "original": {
        "owner": "nixos",
        "ref": "nixpkgs-unstable",
        "repo": "nixpkgs",
        "type": "github"
      }
    },
    "nixpkgs_8": {
      "locked": {
        "lastModified": 1742800061,
        "narHash": "sha256-oDJGK1UMArK52vcW9S5S2apeec4rbfNELgc50LqiPNs=",
        "owner": "nixos",
        "repo": "nixpkgs",
        "rev": "1750f3c1c89488e2ffdd47cab9d05454dddfb734",
        "type": "github"
      },
      "original": {
        "owner": "nixos",
        "ref": "nixpkgs-unstable",
        "repo": "nixpkgs",
        "type": "github"
      }
    },
    "nixpkgs_9": {
      "locked": {
        "lastModified": 1741462378,
        "narHash": "sha256-ZF3YOjq+vTcH51S+qWa1oGA9FgmdJ67nTNPG2OIlXDc=",
        "owner": "nixos",
        "repo": "nixpkgs",
        "rev": "2d9e4457f8e83120c9fdf6f1707ed0bc603e5ac9",
        "type": "github"
      },
      "original": {
        "owner": "nixos",
        "ref": "nixpkgs-unstable",
        "repo": "nixpkgs",
        "type": "github"
      }
    },
    "raCommon": {
      "inputs": {
        "flake-parts": "flake-parts_2",
        "haskell-flake": "haskell-flake",
        "nixpkgs": "nixpkgs_5"
      },
      "locked": {
        "lastModified": 1751022606,
        "narHash": "sha256-Byw3Be3tKLJnEn9hBjG168lw7vpgt5wUnsgHUFH27Vc=",
        "ref": "refs/heads/master",
        "rev": "1abb9a92b54d8403c9a2872af480e1aa232c371a",
        "revCount": 157,
        "type": "git",
        "url": "ssh://git@github.com/TontineTrust/raCommon.git"
      },
      "original": {
        "rev": "1abb9a92b54d8403c9a2872af480e1aa232c371a",
        "type": "git",
        "url": "ssh://git@github.com/TontineTrust/raCommon.git"
      }
    },
    "raCommon_2": {
      "inputs": {
        "flake-parts": "flake-parts_5",
        "haskell-flake": "haskell-flake_4",
        "nixpkgs": "nixpkgs_9"
      },
      "locked": {
        "lastModified": 1744028481,
        "narHash": "sha256-HpkPxmS09fkDwAC09HLoPL+t3vfPv6+LapeTc8aL1rg=",
        "ref": "refs/heads/master",
        "rev": "9982dffbacf42d6f77ead9f906b70d73911640f1",
        "revCount": 88,
        "type": "git",
        "url": "ssh://git@github.com/TontineTrust/raCommon.git"
      },
      "original": {
        "type": "git",
        "url": "ssh://git@github.com/TontineTrust/raCommon.git"
      }
    },
    "raDB": {
      "inputs": {
        "flake-utils": "flake-utils_2",
        "nixpkgs": "nixpkgs_6"
      },
      "locked": {
        "lastModified": 1750646804,
        "narHash": "sha256-4wpiHLIP8GDJCmH/ntu7wLxdNSD3sPWBTRPIK1x+IHY=",
        "ref": "refs/heads/main",
        "rev": "2468b16bab58afec3b79311784f16a57ca5fd7e2",
        "revCount": 85,
        "type": "git",
        "url": "ssh://git@github.com/TontineTrust/raDB.git"
      },
      "original": {
        "type": "git",
        "url": "ssh://git@github.com/TontineTrust/raDB.git"
      }
    },
    "raDash": {
      "inputs": {
        "flake-parts": "flake-parts_3",
        "haskell-flake": "haskell-flake_2",
        "nixpkgs": "nixpkgs_7",
        "raCommon": [
          "tontine-system",
          "raCommon"
        ],
        "servant-swagger-ui-src": "servant-swagger-ui-src"
      },
      "locked": {
        "lastModified": 1751327884,
        "narHash": "sha256-lSo9Ev1zGdhJSd7q270lJX06bkexlaojK3KDSIxRc68=",
        "ref": "daniel-Steve-call-robo-actuary-endpoints",
        "rev": "c0fb7ac9a1ef63f99d28108a8ba5e9288b0efe37",
        "revCount": 144,
        "type": "git",
        "url": "ssh://git@github.com/TontineTrust/raDash.git"
      },
      "original": {
        "ref": "daniel-Steve-call-robo-actuary-endpoints",
        "type": "git",
        "url": "ssh://git@github.com/TontineTrust/raDash.git"
      }
    },
    "robo-actuary": {
      "inputs": {
        "flake-parts": "flake-parts_4",
        "haskell-flake": "haskell-flake_3",
        "nixpkgs": "nixpkgs_8",
        "raCommon": "raCommon_2"
      },
      "locked": {
        "lastModified": 1747396821,
        "narHash": "sha256-bJTfbuXFXyz/O4l8jT6F9JU+57+aAYMw4n254/eUVSE=",
        "ref": "daniel-steve-raDash-auth-test-rebase",
        "rev": "510d4e62d1f1d7fd014fa1665d636be1b7228e14",
        "revCount": 1218,
        "type": "git",
        "url": "ssh://git@github.com/TontineTrust/robo-actuary.git"
      },
      "original": {
        "ref": "daniel-steve-raDash-auth-test-rebase",
        "type": "git",
        "url": "ssh://git@github.com/TontineTrust/robo-actuary.git"
      }
    },
    "root": {
      "inputs": {
        "agenix": "agenix",
        "determinate": "determinate",
        "home-manager": "home-manager_2",
        "nixpkgs": "nixpkgs_3",
        "tontine-system": "tontine-system"
      }
    },
    "servant-swagger-ui-src": {
      "flake": false,
      "locked": {
        "lastModified": 1747441008,
        "narHash": "sha256-ukVKrQtnSdh4+AdWWLe8RD1dFMQc0c5ysDnKq9PohnI=",
        "owner": "haskell-servant",
        "repo": "servant-swagger-ui",
        "rev": "29713c56e71ef7e571de2b4e33393db6732b3821",
        "type": "github"
      },
      "original": {
        "owner": "haskell-servant",
        "repo": "servant-swagger-ui",
        "rev": "29713c56e71ef7e571de2b4e33393db6732b3821",
        "type": "github"
      }
    },
    "systems": {
      "locked": {
        "lastModified": 1681028828,
        "narHash": "sha256-Vy1rq5AaRuLzOxct8nz4T6wlgyUR7zLU309k9mBC768=",
        "owner": "nix-systems",
        "repo": "default",
        "rev": "da67096a3b9bf56a91d16901293e51ba5b49a27e",
        "type": "github"
      },
      "original": {
        "owner": "nix-systems",
        "repo": "default",
        "type": "github"
      }
    },
    "systems_2": {
      "locked": {
        "lastModified": 1681028828,
        "narHash": "sha256-Vy1rq5AaRuLzOxct8nz4T6wlgyUR7zLU309k9mBC768=",
        "owner": "nix-systems",
        "repo": "default",
        "rev": "da67096a3b9bf56a91d16901293e51ba5b49a27e",
        "type": "github"
      },
      "original": {
        "owner": "nix-systems",
        "repo": "default",
        "type": "github"
      }
    },
    "systems_3": {
      "locked": {
        "lastModified": 1681028828,
        "narHash": "sha256-Vy1rq5AaRuLzOxct8nz4T6wlgyUR7zLU309k9mBC768=",
        "owner": "nix-systems",
        "repo": "default",
        "rev": "da67096a3b9bf56a91d16901293e51ba5b49a27e",
        "type": "github"
      },
      "original": {
        "owner": "nix-systems",
        "repo": "default",
        "type": "github"
      }
    },
    "systems_4": {
      "locked": {
        "lastModified": 1681028828,
        "narHash": "sha256-Vy1rq5AaRuLzOxct8nz4T6wlgyUR7zLU309k9mBC768=",
        "owner": "nix-systems",
        "repo": "default",
        "rev": "da67096a3b9bf56a91d16901293e51ba5b49a27e",
        "type": "github"
      },
      "original": {
        "owner": "nix-systems",
        "repo": "default",
        "type": "github"
      }
    },
    "systems_5": {
      "locked": {
        "lastModified": 1681028828,
        "narHash": "sha256-Vy1rq5AaRuLzOxct8nz4T6wlgyUR7zLU309k9mBC768=",
        "owner": "nix-systems",
        "repo": "default",
        "rev": "da67096a3b9bf56a91d16901293e51ba5b49a27e",
        "type": "github"
      },
      "original": {
        "owner": "nix-systems",
        "repo": "default",
        "type": "github"
      }
    },
    "tontine-system": {
      "inputs": {
        "agenix": "agenix_2",
        "deploy-rs": "deploy-rs",
        "flake-utils-plus": "flake-utils-plus",
        "github-nix-ci": "github-nix-ci",
        "nixos-generators": "nixos-generators",
        "nixpkgs": "nixpkgs_4",
        "raCommon": "raCommon",
        "raDB": "raDB",
        "raDash": "raDash",
        "robo-actuary": "robo-actuary"
      },
      "locked": {
        "lastModified": 1751824485,
        "narHash": "sha256-taKU+ToPPmqX7cFpquFYekyaG5d3WNDs/K4EOZRBS80=",
        "ref": "refs/heads/master",
        "rev": "f27b67b294a15d1990a766c00b19df982c4a44dc",
        "revCount": 80,
        "type": "git",
        "url": "ssh://git@github.com/TontineTrust/raDeploy.git"
      },
      "original": {
        "type": "git",
        "url": "ssh://git@github.com/TontineTrust/raDeploy.git"
      }
    },
    "utils": {
      "inputs": {
        "systems": "systems_3"
      },
      "locked": {
        "lastModified": 1701680307,
        "narHash": "sha256-kAuep2h5ajznlPMD9rnQyffWG8EM/C73lejGofXvdM8=",
        "owner": "numtide",
        "repo": "flake-utils",
        "rev": "4022d587cbbfd70fe950c1e2083a02621806a725",
        "type": "github"
      },
      "original": {
        "owner": "numtide",
        "repo": "flake-utils",
        "type": "github"
      }
    }
  },
  "root": "root",
  "version": 7
}
